
Microsoft Visual Studio Solution File, Format Version 12.00
# Visual Studio Version 16
VisualStudioVersion = 16.0.29613.14
MinimumVisualStudioVersion = 10.0.40219.1
Project("{FAE04EC0-301F-11D3-BF4B-00C04F79EFBC}") = "KinematicsCalc", "KinematicsCalc\KinematicsCalc.csproj", "{B03D12C6-398D-4C10-BBB7-F09DCEBA9257}"
EndProject
Global
	GlobalSection(SolutionConfigurationPlatforms) = preSolution
		Debug|Any CPU = Debug|Any CPU
		Release|Any CPU = Release|Any CPU
	EndGlobalSection
	GlobalSection(ProjectConfigurationPlatforms) = postSolution
		{B03D12C6-398D-4C10-BBB7-F09DCEBA9257}.Debug|Any CPU.ActiveCfg = Debug|Any CPU
		{B03D12C6-398D-4C10-BBB7-F09DCEBA9257}.Debug|Any CPU.Build.0 = Debug|Any CPU
		{B03D12C6-398D-4C10-BBB7-F09DCEBA9257}.Debug|Any CPU.Deploy.0 = Debug|Any CPU
		{B03D12C6-398D-4C10-BBB7-F09DCEBA9257}.Release|Any CPU.ActiveCfg = Release|Any CPU
		{B03D12C6-398D-4C10-BBB7-F09DCEBA9257}.Release|Any CPU.Build.0 = Release|Any CPU
		{B03D12C6-398D-4C10-BBB7-F09DCEBA9257}.Release|Any CPU.Deploy.0 = Release|Any CPU
	EndGlobalSection
	GlobalSection(SolutionProperties) = preSolution
		HideSolutionNode = FALSE
	EndGlobalSection
	GlobalSection(ExtensibilityGlobals) = postSolution
		SolutionGuid = {072A9945-5032-48DB-B35B-0576AEBA24B1}
	EndGlobalSection
EndGlobal
